{
  "name": "@saahen.sriyan.mishra/micro-router",
  "version": "1.0.1",
  "lockfileVersion": 3,
  "requires": true,
  "packages": {
    "": {
      "name": "@saahen.sriyan.mishra/micro-router",
      "version": "1.0.1",
      "license": "MIT",
      "dependencies": {
        "@saahen.sriyan.mishra/micro-router": "file:"
      }
    },
    "node_modules/@saahen.sriyan.mishra/micro-router": {
      "resolved": "",
      "link": true
    }
  }
}
